
Microsoft Visual Studio Solution File, Format Version 12.00
# Visual Studio Version 16
VisualStudioVersion = 16.0.31624.102
MinimumVisualStudioVersion = 10.0.40219.1
Project("{FAE04EC0-301F-11D3-BF4B-00C04F79EFBC}") = "TheMagicCannon", "TheMagicCannon.csproj", "{4ACDA6A0-A9FC-49EA-A038-FA95D9AD1986}"
EndProject
Global
	GlobalSection(SolutionConfigurationPlatforms) = preSolution
		Debug|Any CPU = Debug|Any CPU
		Release|Any CPU = Release|Any CPU
	EndGlobalSection
	GlobalSection(ProjectConfigurationPlatforms) = postSolution
		{4ACDA6A0-A9FC-49EA-A038-FA95D9AD1986}.Debug|Any CPU.ActiveCfg = Debug|Any CPU
		{4ACDA6A0-A9FC-49EA-A038-FA95D9AD1986}.Debug|Any CPU.Build.0 = Debug|Any CPU
		{4ACDA6A0-A9FC-49EA-A038-FA95D9AD1986}.Release|Any CPU.ActiveCfg = Release|Any CPU
		{4ACDA6A0-A9FC-49EA-A038-FA95D9AD1986}.Release|Any CPU.Build.0 = Release|Any CPU
	EndGlobalSection
	GlobalSection(SolutionProperties) = preSolution
		HideSolutionNode = FALSE
	EndGlobalSection
	GlobalSection(ExtensibilityGlobals) = postSolution
		SolutionGuid = {2A116117-E16E-48DD-A155-0305C0ED5245}
	EndGlobalSection
EndGlobal
